
Microsoft Visual Studio Solution File, Format Version 12.00
# Visual Studio 15
VisualStudioVersion = 15.0.27703.2035
MinimumVisualStudioVersion = 10.0.40219.1
Project("{FAE04EC0-301F-11D3-BF4B-00C04F79EFBC}") = "VCSHelper.Android", "VCSHelper\VCSHelper.Android\VCSHelper.Android.csproj", "{AB7741E8-9091-41B1-A0D1-D679AA74DFEE}"
EndProject
Project("{FAE04EC0-301F-11D3-BF4B-00C04F79EFBC}") = "VCSHelper.iOS", "VCSHelper\VCSHelper.iOS\VCSHelper.iOS.csproj", "{9A1BDA2F-EA2D-43E7-8D3E-74C580F58CBD}"
EndProject
Project("{FAE04EC0-301F-11D3-BF4B-00C04F79EFBC}") = "VCSHelper", "VCSHelper\VCSHelper\VCSHelper.csproj", "{ED63CAEB-3129-428D-BD8F-0E4AF86F8B0C}"
EndProject
Global
	GlobalSection(SolutionConfigurationPlatforms) = preSolution
		Ad-Hoc|Any CPU = Ad-Hoc|Any CPU
		Ad-Hoc|iPhone = Ad-Hoc|iPhone
		Ad-Hoc|iPhoneSimulator = Ad-Hoc|iPhoneSimulator
		AppStore|Any CPU = AppStore|Any CPU
		AppStore|iPhone = AppStore|iPhone
		AppStore|iPhoneSimulator = AppStore|iPhoneSimulator
		Debug|Any CPU = Debug|Any CPU
		Debug|iPhone = Debug|iPhone
		Debug|iPhoneSimulator = Debug|iPhoneSimulator
		Release|Any CPU = Release|Any CPU
		Release|iPhone = Release|iPhone
		Release|iPhoneSimulator = Release|iPhoneSimulator
	EndGlobalSection
	GlobalSection(ProjectConfigurationPlatforms) = postSolution
		{AB7741E8-9091-41B1-A0D1-D679AA74DFEE}.Ad-Hoc|Any CPU.ActiveCfg = Release|Any CPU
		{AB7741E8-9091-41B1-A0D1-D679AA74DFEE}.Ad-Hoc|Any CPU.Build.0 = Release|Any CPU
		{AB7741E8-9091-41B1-A0D1-D679AA74DFEE}.Ad-Hoc|Any CPU.Deploy.0 = Release|Any CPU
		{AB7741E8-9091-41B1-A0D1-D679AA74DFEE}.Ad-Hoc|iPhone.ActiveCfg = Release|Any CPU
		{AB7741E8-9091-41B1-A0D1-D679AA74DFEE}.Ad-Hoc|iPhone.Build.0 = Release|Any CPU
		{AB7741E8-9091-41B1-A0D1-D679AA74DFEE}.Ad-Hoc|iPhone.Deploy.0 = Release|Any CPU
		{AB7741E8-9091-41B1-A0D1-D679AA74DFEE}.Ad-Hoc|iPhoneSimulator.ActiveCfg = Release|Any CPU
		{AB7741E8-9091-41B1-A0D1-D679AA74DFEE}.Ad-Hoc|iPhoneSimulator.Build.0 = Release|Any CPU
		{AB7741E8-9091-41B1-A0D1-D679AA74DFEE}.Ad-Hoc|iPhoneSimulator.Deploy.0 = Release|Any CPU
		{AB7741E8-9091-41B1-A0D1-D679AA74DFEE}.AppStore|Any CPU.ActiveCfg = Release|Any CPU
		{AB7741E8-9091-41B1-A0D1-D679AA74DFEE}.AppStore|Any CPU.Build.0 = Release|Any CPU
		{AB7741E8-9091-41B1-A0D1-D679AA74DFEE}.AppStore|Any CPU.Deploy.0 = Release|Any CPU
		{AB7741E8-9091-41B1-A0D1-D679AA74DFEE}.AppStore|iPhone.ActiveCfg = Release|Any CPU
		{AB7741E8-9091-41B1-A0D1-D679AA74DFEE}.AppStore|iPhone.Build.0 = Release|Any CPU
		{AB7741E8-9091-41B1-A0D1-D679AA74DFEE}.AppStore|iPhone.Deploy.0 = Release|Any CPU
		{AB7741E8-9091-41B1-A0D1-D679AA74DFEE}.AppStore|iPhoneSimulator.ActiveCfg = Release|Any CPU
		{AB7741E8-9091-41B1-A0D1-D679AA74DFEE}.AppStore|iPhoneSimulator.Build.0 = Release|Any CPU
		{AB7741E8-9091-41B1-A0D1-D679AA74DFEE}.AppStore|iPhoneSimulator.Deploy.0 = Release|Any CPU
		{AB7741E8-9091-41B1-A0D1-D679AA74DFEE}.Debug|Any CPU.ActiveCfg = Debug|Any CPU
		{AB7741E8-9091-41B1-A0D1-D679AA74DFEE}.Debug|Any CPU.Build.0 = Debug|Any CPU
		{AB7741E8-9091-41B1-A0D1-D679AA74DFEE}.Debug|Any CPU.Deploy.0 = Debug|Any CPU
		{AB7741E8-9091-41B1-A0D1-D679AA74DFEE}.Debug|iPhone.ActiveCfg = Debug|Any CPU
		{AB7741E8-9091-41B1-A0D1-D679AA74DFEE}.Debug|iPhone.Build.0 = Debug|Any CPU
		{AB7741E8-9091-41B1-A0D1-D679AA74DFEE}.Debug|iPhone.Deploy.0 = Debug|Any CPU
		{AB7741E8-9091-41B1-A0D1-D679AA74DFEE}.Debug|iPhoneSimulator.ActiveCfg = Debug|Any CPU
		{AB7741E8-9091-41B1-A0D1-D679AA74DFEE}.Debug|iPhoneSimulator.Build.0 = Debug|Any CPU
		{AB7741E8-9091-41B1-A0D1-D679AA74DFEE}.Debug|iPhoneSimulator.Deploy.0 = Debug|Any CPU
		{AB7741E8-9091-41B1-A0D1-D679AA74DFEE}.Release|Any CPU.ActiveCfg = Release|Any CPU
		{AB7741E8-9091-41B1-A0D1-D679AA74DFEE}.Release|Any CPU.Build.0 = Release|Any CPU
		{AB7741E8-9091-41B1-A0D1-D679AA74DFEE}.Release|Any CPU.Deploy.0 = Release|Any CPU
		{AB7741E8-9091-41B1-A0D1-D679AA74DFEE}.Release|iPhone.ActiveCfg = Release|Any CPU
		{AB7741E8-9091-41B1-A0D1-D679AA74DFEE}.Release|iPhone.Build.0 = Release|Any CPU
		{AB7741E8-9091-41B1-A0D1-D679AA74DFEE}.Release|iPhone.Deploy.0 = Release|Any CPU
		{AB7741E8-9091-41B1-A0D1-D679AA74DFEE}.Release|iPhoneSimulator.ActiveCfg = Release|Any CPU
		{AB7741E8-9091-41B1-A0D1-D679AA74DFEE}.Release|iPhoneSimulator.Build.0 = Release|Any CPU
		{AB7741E8-9091-41B1-A0D1-D679AA74DFEE}.Release|iPhoneSimulator.Deploy.0 = Release|Any CPU
		{9A1BDA2F-EA2D-43E7-8D3E-74C580F58CBD}.Ad-Hoc|Any CPU.ActiveCfg = Ad-Hoc|iPhone
		{9A1BDA2F-EA2D-43E7-8D3E-74C580F58CBD}.Ad-Hoc|Any CPU.Build.0 = Ad-Hoc|iPhone
		{9A1BDA2F-EA2D-43E7-8D3E-74C580F58CBD}.Ad-Hoc|Any CPU.Deploy.0 = Ad-Hoc|iPhone
		{9A1BDA2F-EA2D-43E7-8D3E-74C580F58CBD}.Ad-Hoc|iPhone.ActiveCfg = Ad-Hoc|iPhone
		{9A1BDA2F-EA2D-43E7-8D3E-74C580F58CBD}.Ad-Hoc|iPhone.Build.0 = Ad-Hoc|iPhone
		{9A1BDA2F-EA2D-43E7-8D3E-74C580F58CBD}.Ad-Hoc|iPhone.Deploy.0 = Ad-Hoc|iPhone
		{9A1BDA2F-EA2D-43E7-8D3E-74C580F58CBD}.Ad-Hoc|iPhoneSimulator.ActiveCfg = Ad-Hoc|iPhoneSimulator
		{9A1BDA2F-EA2D-43E7-8D3E-74C580F58CBD}.Ad-Hoc|iPhoneSimulator.Build.0 = Ad-Hoc|iPhoneSimulator
		{9A1BDA2F-EA2D-43E7-8D3E-74C580F58CBD}.Ad-Hoc|iPhoneSimulator.Deploy.0 = Ad-Hoc|iPhoneSimulator
		{9A1BDA2F-EA2D-43E7-8D3E-74C580F58CBD}.AppStore|Any CPU.ActiveCfg = AppStore|iPhone
		{9A1BDA2F-EA2D-43E7-8D3E-74C580F58CBD}.AppStore|Any CPU.Build.0 = AppStore|iPhone
		{9A1BDA2F-EA2D-43E7-8D3E-74C580F58CBD}.AppStore|Any CPU.Deploy.0 = AppStore|iPhone
		{9A1BDA2F-EA2D-43E7-8D3E-74C580F58CBD}.AppStore|iPhone.ActiveCfg = AppStore|iPhone
		{9A1BDA2F-EA2D-43E7-8D3E-74C580F58CBD}.AppStore|iPhone.Build.0 = AppStore|iPhone
		{9A1BDA2F-EA2D-43E7-8D3E-74C580F58CBD}.AppStore|iPhone.Deploy.0 = AppStore|iPhone
		{9A1BDA2F-EA2D-43E7-8D3E-74C580F58CBD}.AppStore|iPhoneSimulator.ActiveCfg = AppStore|iPhoneSimulator
		{9A1BDA2F-EA2D-43E7-8D3E-74C580F58CBD}.AppStore|iPhoneSimulator.Build.0 = AppStore|iPhoneSimulator
		{9A1BDA2F-EA2D-43E7-8D3E-74C580F58CBD}.AppStore|iPhoneSimulator.Deploy.0 = AppStore|iPhoneSimulator
		{9A1BDA2F-EA2D-43E7-8D3E-74C580F58CBD}.Debug|Any CPU.ActiveCfg = Debug|iPhoneSimulator
		{9A1BDA2F-EA2D-43E7-8D3E-74C580F58CBD}.Debug|Any CPU.Build.0 = Debug|iPhoneSimulator
		{9A1BDA2F-EA2D-43E7-8D3E-74C580F58CBD}.Debug|Any CPU.Deploy.0 = Debug|iPhoneSimulator
		{9A1BDA2F-EA2D-43E7-8D3E-74C580F58CBD}.Debug|iPhone.ActiveCfg = Debug|iPhone
		{9A1BDA2F-EA2D-43E7-8D3E-74C580F58CBD}.Debug|iPhone.Build.0 = Debug|iPhone
		{9A1BDA2F-EA2D-43E7-8D3E-74C580F58CBD}.Debug|iPhone.Deploy.0 = Debug|iPhone
		{9A1BDA2F-EA2D-43E7-8D3E-74C580F58CBD}.Debug|iPhoneSimulator.ActiveCfg = Debug|iPhoneSimulator
		{9A1BDA2F-EA2D-43E7-8D3E-74C580F58CBD}.Debug|iPhoneSimulator.Build.0 = Debug|iPhoneSimulator
		{9A1BDA2F-EA2D-43E7-8D3E-74C580F58CBD}.Debug|iPhoneSimulator.Deploy.0 = Debug|iPhoneSimulator
		{9A1BDA2F-EA2D-43E7-8D3E-74C580F58CBD}.Release|Any CPU.ActiveCfg = Release|iPhone
		{9A1BDA2F-EA2D-43E7-8D3E-74C580F58CBD}.Release|Any CPU.Build.0 = Release|iPhone
		{9A1BDA2F-EA2D-43E7-8D3E-74C580F58CBD}.Release|Any CPU.Deploy.0 = Release|iPhone
		{9A1BDA2F-EA2D-43E7-8D3E-74C580F58CBD}.Release|iPhone.ActiveCfg = Release|iPhone
		{9A1BDA2F-EA2D-43E7-8D3E-74C580F58CBD}.Release|iPhone.Build.0 = Release|iPhone
		{9A1BDA2F-EA2D-43E7-8D3E-74C580F58CBD}.Release|iPhone.Deploy.0 = Release|iPhone
		{9A1BDA2F-EA2D-43E7-8D3E-74C580F58CBD}.Release|iPhoneSimulator.ActiveCfg = Release|iPhoneSimulator
		{9A1BDA2F-EA2D-43E7-8D3E-74C580F58CBD}.Release|iPhoneSimulator.Build.0 = Release|iPhoneSimulator
		{9A1BDA2F-EA2D-43E7-8D3E-74C580F58CBD}.Release|iPhoneSimulator.Deploy.0 = Release|iPhoneSimulator
		{ED63CAEB-3129-428D-BD8F-0E4AF86F8B0C}.Ad-Hoc|Any CPU.ActiveCfg = Debug|Any CPU
		{ED63CAEB-3129-428D-BD8F-0E4AF86F8B0C}.Ad-Hoc|Any CPU.Build.0 = Debug|Any CPU
		{ED63CAEB-3129-428D-BD8F-0E4AF86F8B0C}.Ad-Hoc|Any CPU.Deploy.0 = Debug|Any CPU
		{ED63CAEB-3129-428D-BD8F-0E4AF86F8B0C}.Ad-Hoc|iPhone.ActiveCfg = Debug|Any CPU
		{ED63CAEB-3129-428D-BD8F-0E4AF86F8B0C}.Ad-Hoc|iPhone.Build.0 = Debug|Any CPU
		{ED63CAEB-3129-428D-BD8F-0E4AF86F8B0C}.Ad-Hoc|iPhone.Deploy.0 = Debug|Any CPU
		{ED63CAEB-3129-428D-BD8F-0E4AF86F8B0C}.Ad-Hoc|iPhoneSimulator.ActiveCfg = Debug|Any CPU
		{ED63CAEB-3129-428D-BD8F-0E4AF86F8B0C}.Ad-Hoc|iPhoneSimulator.Build.0 = Debug|Any CPU
		{ED63CAEB-3129-428D-BD8F-0E4AF86F8B0C}.Ad-Hoc|iPhoneSimulator.Deploy.0 = Debug|Any CPU
		{ED63CAEB-3129-428D-BD8F-0E4AF86F8B0C}.AppStore|Any CPU.ActiveCfg = Debug|Any CPU
		{ED63CAEB-3129-428D-BD8F-0E4AF86F8B0C}.AppStore|Any CPU.Build.0 = Debug|Any CPU
		{ED63CAEB-3129-428D-BD8F-0E4AF86F8B0C}.AppStore|Any CPU.Deploy.0 = Debug|Any CPU
		{ED63CAEB-3129-428D-BD8F-0E4AF86F8B0C}.AppStore|iPhone.ActiveCfg = Debug|Any CPU
		{ED63CAEB-3129-428D-BD8F-0E4AF86F8B0C}.AppStore|iPhone.Build.0 = Debug|Any CPU
		{ED63CAEB-3129-428D-BD8F-0E4AF86F8B0C}.AppStore|iPhone.Deploy.0 = Debug|Any CPU
		{ED63CAEB-3129-428D-BD8F-0E4AF86F8B0C}.AppStore|iPhoneSimulator.ActiveCfg = Debug|Any CPU
		{ED63CAEB-3129-428D-BD8F-0E4AF86F8B0C}.AppStore|iPhoneSimulator.Build.0 = Debug|Any CPU
		{ED63CAEB-3129-428D-BD8F-0E4AF86F8B0C}.AppStore|iPhoneSimulator.Deploy.0 = Debug|Any CPU
		{ED63CAEB-3129-428D-BD8F-0E4AF86F8B0C}.Debug|Any CPU.ActiveCfg = Debug|Any CPU
		{ED63CAEB-3129-428D-BD8F-0E4AF86F8B0C}.Debug|Any CPU.Build.0 = Debug|Any CPU
		{ED63CAEB-3129-428D-BD8F-0E4AF86F8B0C}.Debug|Any CPU.Deploy.0 = Debug|Any CPU
		{ED63CAEB-3129-428D-BD8F-0E4AF86F8B0C}.Debug|iPhone.ActiveCfg = Debug|Any CPU
		{ED63CAEB-3129-428D-BD8F-0E4AF86F8B0C}.Debug|iPhone.Build.0 = Debug|Any CPU
		{ED63CAEB-3129-428D-BD8F-0E4AF86F8B0C}.Debug|iPhone.Deploy.0 = Debug|Any CPU
		{ED63CAEB-3129-428D-BD8F-0E4AF86F8B0C}.Debug|iPhoneSimulator.ActiveCfg = Debug|Any CPU
		{ED63CAEB-3129-428D-BD8F-0E4AF86F8B0C}.Debug|iPhoneSimulator.Build.0 = Debug|Any CPU
		{ED63CAEB-3129-428D-BD8F-0E4AF86F8B0C}.Debug|iPhoneSimulator.Deploy.0 = Debug|Any CPU
		{ED63CAEB-3129-428D-BD8F-0E4AF86F8B0C}.Release|Any CPU.ActiveCfg = Release|Any CPU
		{ED63CAEB-3129-428D-BD8F-0E4AF86F8B0C}.Release|Any CPU.Build.0 = Release|Any CPU
		{ED63CAEB-3129-428D-BD8F-0E4AF86F8B0C}.Release|Any CPU.Deploy.0 = Release|Any CPU
		{ED63CAEB-3129-428D-BD8F-0E4AF86F8B0C}.Release|iPhone.ActiveCfg = Release|Any CPU
		{ED63CAEB-3129-428D-BD8F-0E4AF86F8B0C}.Release|iPhone.Build.0 = Release|Any CPU
		{ED63CAEB-3129-428D-BD8F-0E4AF86F8B0C}.Release|iPhone.Deploy.0 = Release|Any CPU
		{ED63CAEB-3129-428D-BD8F-0E4AF86F8B0C}.Release|iPhoneSimulator.ActiveCfg = Release|Any CPU
		{ED63CAEB-3129-428D-BD8F-0E4AF86F8B0C}.Release|iPhoneSimulator.Build.0 = Release|Any CPU
		{ED63CAEB-3129-428D-BD8F-0E4AF86F8B0C}.Release|iPhoneSimulator.Deploy.0 = Release|Any CPU
	EndGlobalSection
	GlobalSection(SolutionProperties) = preSolution
		HideSolutionNode = FALSE
	EndGlobalSection
	GlobalSection(ExtensibilityGlobals) = postSolution
		SolutionGuid = {C84D65AD-428E-40D8-BBA3-98BBB6B8935C}
	EndGlobalSection
EndGlobal
